
Microsoft Visual Studio Solution File, Format Version 12.00
# Visual Studio Version 17
VisualStudioVersion = 17.9.34714.143
MinimumVisualStudioVersion = 10.0.40219.1
Project("{FAE04EC0-301F-11D3-BF4B-00C04F79EFBC}") = "ExpenseApp", "ExpenseApp\ExpenseApp.csproj", "{87F7CF56-FA4E-4B42-A8C4-3A7F7220FAA0}"
EndProject
Global
	GlobalSection(SolutionConfigurationPlatforms) = preSolution
		Debug|Any CPU = Debug|Any CPU
		Release|Any CPU = Release|Any CPU
	EndGlobalSection
	GlobalSection(ProjectConfigurationPlatforms) = postSolution
		{87F7CF56-FA4E-4B42-A8C4-3A7F7220FAA0}.Debug|Any CPU.ActiveCfg = Debug|Any CPU
		{87F7CF56-FA4E-4B42-A8C4-3A7F7220FAA0}.Debug|Any CPU.Build.0 = Debug|Any CPU
		{87F7CF56-FA4E-4B42-A8C4-3A7F7220FAA0}.Release|Any CPU.ActiveCfg = Release|Any CPU
		{87F7CF56-FA4E-4B42-A8C4-3A7F7220FAA0}.Release|Any CPU.Build.0 = Release|Any CPU
	EndGlobalSection
	GlobalSection(SolutionProperties) = preSolution
		HideSolutionNode = FALSE
	EndGlobalSection
	GlobalSection(ExtensibilityGlobals) = postSolution
		SolutionGuid = {B8C28DE7-0E9F-45F1-9638-69C38EC24DFD}
	EndGlobalSection
EndGlobal
